// !$*UTF8*$!
{
	archiveVersion = 1;
	classes = {
	};
	objectVersion = 56;
	objects = {

/* Begin PBXBuildFile section */
		62C764D02C3C20FE00FD7B33 /* CachedHLSClient.swift in Sources */ = {isa = PBXBuildFile; fileRef = 62C764CF2C3C20FE00FD7B33 /* CachedHLSClient.swift */; };
		62C764D22C3C231C00FD7B33 /* CachingPlayerItem.swift in Sources */ = {isa = PBXBuildFile; fileRef = 62C764D12C3C231C00FD7B33 /* CachingPlayerItem.swift */; };
		62C764D82C3D18DD00FD7B33 /* CacheManager.swift in Sources */ = {isa = PBXBuildFile; fileRef = 62C764D72C3D18DD00FD7B33 /* CacheManager.swift */; };
		62C764DA2C3D198600FD7B33 /* Reachability.swift in Sources */ = {isa = PBXBuildFile; fileRef = 62C764D92C3D198600FD7B33 /* Reachability.swift */; };
		62C764DD2C3D20C300FD7B33 /* Pods_cachingVideoTest.framework in Frameworks */ = {isa = PBXBuildFile; fileRef = 9AA16EA43B17EE2319736775 /* Pods_cachingVideoTest.framework */; };
		62C764DE2C3D20C300FD7B33 /* Pods_cachingVideoTest.framework in Embed Frameworks */ = {isa = PBXBuildFile; fileRef = 9AA16EA43B17EE2319736775 /* Pods_cachingVideoTest.framework */; settings = {ATTRIBUTES = (CodeSignOnCopy, RemoveHeadersOnCopy, ); }; };
		62C765012C3E6A5900FD7B33 /* HLSParser.swift in Sources */ = {isa = PBXBuildFile; fileRef = 62C765002C3E6A5900FD7B33 /* HLSParser.swift */; };
		62F58D4B2C3BC4E400E815D0 /* AppDelegate.swift in Sources */ = {isa = PBXBuildFile; fileRef = 62F58D4A2C3BC4E400E815D0 /* AppDelegate.swift */; };
		62F58D4D2C3BC4E400E815D0 /* SceneDelegate.swift in Sources */ = {isa = PBXBuildFile; fileRef = 62F58D4C2C3BC4E400E815D0 /* SceneDelegate.swift */; };
		62F58D4F2C3BC4E400E815D0 /* ViewController.swift in Sources */ = {isa = PBXBuildFile; fileRef = 62F58D4E2C3BC4E400E815D0 /* ViewController.swift */; };
		62F58D522C3BC4E400E815D0 /* Base in Resources */ = {isa = PBXBuildFile; fileRef = 62F58D512C3BC4E400E815D0 /* Base */; };
		62F58D542C3BC4E500E815D0 /* Assets.xcassets in Resources */ = {isa = PBXBuildFile; fileRef = 62F58D532C3BC4E500E815D0 /* Assets.xcassets */; };
		62F58D572C3BC4E500E815D0 /* Base in Resources */ = {isa = PBXBuildFile; fileRef = 62F58D562C3BC4E500E815D0 /* Base */; };
/* End PBXBuildFile section */

/* Begin PBXCopyFilesBuildPhase section */
		62C764DF2C3D20C300FD7B33 /* Embed Frameworks */ = {
			isa = PBXCopyFilesBuildPhase;
			buildActionMask = 2147483647;
			dstPath = "";
			dstSubfolderSpec = 10;
			files = (
				62C764DE2C3D20C300FD7B33 /* Pods_cachingVideoTest.framework in Embed Frameworks */,
			);
			name = "Embed Frameworks";
			runOnlyForDeploymentPostprocessing = 0;
		};
/* End PBXCopyFilesBuildPhase section */

/* Begin PBXFileReference section */
		287C77AF73CDEE55A4CB6C59 /* Pods-cachingVideoTest.release.xcconfig */ = {isa = PBXFileReference; includeInIndex = 1; lastKnownFileType = text.xcconfig; name = "Pods-cachingVideoTest.release.xcconfig"; path = "Target Support Files/Pods-cachingVideoTest/Pods-cachingVideoTest.release.xcconfig"; sourceTree = "<group>"; };
		62C764CF2C3C20FE00FD7B33 /* CachedHLSClient.swift */ = {isa = PBXFileReference; fileEncoding = 4; lastKnownFileType = sourcecode.swift; path = CachedHLSClient.swift; sourceTree = "<group>"; };
		62C764D12C3C231C00FD7B33 /* CachingPlayerItem.swift */ = {isa = PBXFileReference; fileEncoding = 4; lastKnownFileType = sourcecode.swift; path = CachingPlayerItem.swift; sourceTree = "<group>"; };
		62C764D72C3D18DD00FD7B33 /* CacheManager.swift */ = {isa = PBXFileReference; lastKnownFileType = sourcecode.swift; path = CacheManager.swift; sourceTree = "<group>"; };
		62C764D92C3D198600FD7B33 /* Reachability.swift */ = {isa = PBXFileReference; fileEncoding = 4; lastKnownFileType = sourcecode.swift; path = Reachability.swift; sourceTree = "<group>"; };
		62C765002C3E6A5900FD7B33 /* HLSParser.swift */ = {isa = PBXFileReference; lastKnownFileType = sourcecode.swift; path = HLSParser.swift; sourceTree = "<group>"; };
		62F58D472C3BC4E400E815D0 /* cachingVideoTest.app */ = {isa = PBXFileReference; explicitFileType = wrapper.application; includeInIndex = 0; path = cachingVideoTest.app; sourceTree = BUILT_PRODUCTS_DIR; };
		62F58D4A2C3BC4E400E815D0 /* AppDelegate.swift */ = {isa = PBXFileReference; lastKnownFileType = sourcecode.swift; path = AppDelegate.swift; sourceTree = "<group>"; };
		62F58D4C2C3BC4E400E815D0 /* SceneDelegate.swift */ = {isa = PBXFileReference; lastKnownFileType = sourcecode.swift; path = SceneDelegate.swift; sourceTree = "<group>"; };
		62F58D4E2C3BC4E400E815D0 /* ViewController.swift */ = {isa = PBXFileReference; lastKnownFileType = sourcecode.swift; path = ViewController.swift; sourceTree = "<group>"; };
		62F58D512C3BC4E400E815D0 /* Base */ = {isa = PBXFileReference; lastKnownFileType = file.storyboard; name = Base; path = Base.lproj/Main.storyboard; sourceTree = "<group>"; };
		62F58D532C3BC4E500E815D0 /* Assets.xcassets */ = {isa = PBXFileReference; lastKnownFileType = folder.assetcatalog; path = Assets.xcassets; sourceTree = "<group>"; };
		62F58D562C3BC4E500E815D0 /* Base */ = {isa = PBXFileReference; lastKnownFileType = file.storyboard; name = Base; path = Base.lproj/LaunchScreen.storyboard; sourceTree = "<group>"; };
		62F58D582C3BC4E500E815D0 /* Info.plist */ = {isa = PBXFileReference; lastKnownFileType = text.plist.xml; path = Info.plist; sourceTree = "<group>"; };
		9AA16EA43B17EE2319736775 /* Pods_cachingVideoTest.framework */ = {isa = PBXFileReference; explicitFileType = wrapper.framework; includeInIndex = 0; path = Pods_cachingVideoTest.framework; sourceTree = BUILT_PRODUCTS_DIR; };
		FF99C968376EC50CA125950E /* Pods-cachingVideoTest.debug.xcconfig */ = {isa = PBXFileReference; includeInIndex = 1; lastKnownFileType = text.xcconfig; name = "Pods-cachingVideoTest.debug.xcconfig"; path = "Target Support Files/Pods-cachingVideoTest/Pods-cachingVideoTest.debug.xcconfig"; sourceTree = "<group>"; };
/* End PBXFileReference section */

/* Begin PBXFrameworksBuildPhase section */
		62F58D442C3BC4E400E815D0 /* Frameworks */ = {
			isa = PBXFrameworksBuildPhase;
			buildActionMask = 2147483647;
			files = (
				62C764DD2C3D20C300FD7B33 /* Pods_cachingVideoTest.framework in Frameworks */,
			);
			runOnlyForDeploymentPostprocessing = 0;
		};
/* End PBXFrameworksBuildPhase section */

/* Begin PBXGroup section */
		62F58D3E2C3BC4E400E815D0 = {
			isa = PBXGroup;
			children = (
				62F58D492C3BC4E400E815D0 /* cachingVideoTest */,
				62F58D482C3BC4E400E815D0 /* Products */,
				B4ADFB9D201A407AFF1654CC /* Pods */,
				EC0AFED4535D52BEB72A264B /* Frameworks */,
			);
			sourceTree = "<group>";
		};
		62F58D482C3BC4E400E815D0 /* Products */ = {
			isa = PBXGroup;
			children = (
				62F58D472C3BC4E400E815D0 /* cachingVideoTest.app */,
			);
			name = Products;
			sourceTree = "<group>";
		};
		62F58D492C3BC4E400E815D0 /* cachingVideoTest */ = {
			isa = PBXGroup;
			children = (
				62F58D4A2C3BC4E400E815D0 /* AppDelegate.swift */,
				62F58D4C2C3BC4E400E815D0 /* SceneDelegate.swift */,
				62F58D4E2C3BC4E400E815D0 /* ViewController.swift */,
				62C765002C3E6A5900FD7B33 /* HLSParser.swift */,
				62C764D72C3D18DD00FD7B33 /* CacheManager.swift */,
				62C764CF2C3C20FE00FD7B33 /* CachedHLSClient.swift */,
				62C764D12C3C231C00FD7B33 /* CachingPlayerItem.swift */,
				62C764D92C3D198600FD7B33 /* Reachability.swift */,
				62F58D502C3BC4E400E815D0 /* Main.storyboard */,
				62F58D532C3BC4E500E815D0 /* Assets.xcassets */,
				62F58D552C3BC4E500E815D0 /* LaunchScreen.storyboard */,
				62F58D582C3BC4E500E815D0 /* Info.plist */,
			);
			path = cachingVideoTest;
			sourceTree = "<group>";
		};
		B4ADFB9D201A407AFF1654CC /* Pods */ = {
			isa = PBXGroup;
			children = (
				FF99C968376EC50CA125950E /* Pods-cachingVideoTest.debug.xcconfig */,
				287C77AF73CDEE55A4CB6C59 /* Pods-cachingVideoTest.release.xcconfig */,
			);
			path = Pods;
			sourceTree = "<group>";
		};
		EC0AFED4535D52BEB72A264B /* Frameworks */ = {
			isa = PBXGroup;
			children = (
				9AA16EA43B17EE2319736775 /* Pods_cachingVideoTest.framework */,
			);
			name = Frameworks;
			sourceTree = "<group>";
		};
/* End PBXGroup section */

/* Begin PBXNativeTarget section */
		62F58D462C3BC4E400E815D0 /* cachingVideoTest */ = {
			isa = PBXNativeTarget;
			buildConfigurationList = 62F58D5B2C3BC4E500E815D0 /* Build configuration list for PBXNativeTarget "cachingVideoTest" */;
			buildPhases = (
				266F3E6D1A31C5CEE30439C4 /* [CP] Check Pods Manifest.lock */,
				62F58D432C3BC4E400E815D0 /* Sources */,
				62F58D442C3BC4E400E815D0 /* Frameworks */,
				62F58D452C3BC4E400E815D0 /* Resources */,
				CE00A4247CC970DD2DF65946 /* [CP] Embed Pods Frameworks */,
				62C764DF2C3D20C300FD7B33 /* Embed Frameworks */,
			);
			buildRules = (
			);
			dependencies = (
			);
			name = cachingVideoTest;
			productName = cachingVideoTest;
			productReference = 62F58D472C3BC4E400E815D0 /* cachingVideoTest.app */;
			productType = "com.apple.product-type.application";
		};
/* End PBXNativeTarget section */

/* Begin PBXProject section */
		62F58D3F2C3BC4E400E815D0 /* Project object */ = {
			isa = PBXProject;
			attributes = {
				BuildIndependentTargetsInParallel = 1;
				LastSwiftUpdateCheck = 1530;
				LastUpgradeCheck = 1530;
				TargetAttributes = {
					62F58D462C3BC4E400E815D0 = {
						CreatedOnToolsVersion = 15.3;
					};
				};
			};
			buildConfigurationList = 62F58D422C3BC4E400E815D0 /* Build configuration list for PBXProject "cachingVideoTest" */;
			compatibilityVersion = "Xcode 14.0";
			developmentRegion = en;
			hasScannedForEncodings = 0;
			knownRegions = (
				en,
				Base,
			);
			mainGroup = 62F58D3E2C3BC4E400E815D0;
			productRefGroup = 62F58D482C3BC4E400E815D0 /* Products */;
			projectDirPath = "";
			projectRoot = "";
			targets = (
				62F58D462C3BC4E400E815D0 /* cachingVideoTest */,
			);
		};
/* End PBXProject section */

/* Begin PBXResourcesBuildPhase section */
		62F58D452C3BC4E400E815D0 /* Resources */ = {
			isa = PBXResourcesBuildPhase;
			buildActionMask = 2147483647;
			files = (
				62F58D542C3BC4E500E815D0 /* Assets.xcassets in Resources */,
				62F58D572C3BC4E500E815D0 /* Base in Resources */,
				62F58D522C3BC4E400E815D0 /* Base in Resources */,
			);
			runOnlyForDeploymentPostprocessing = 0;
		};
/* End PBXResourcesBuildPhase section */

/* Begin PBXShellScriptBuildPhase section */
		266F3E6D1A31C5CEE30439C4 /* [CP] Check Pods Manifest.lock */ = {
			isa = PBXShellScriptBuildPhase;
			buildActionMask = 2147483647;
			files = (
			);
			inputFileListPaths = (
			);
			inputPaths = (
				"${PODS_PODFILE_DIR_PATH}/Podfile.lock",
				"${PODS_ROOT}/Manifest.lock",
			);
			name = "[CP] Check Pods Manifest.lock";
			outputFileListPaths = (
			);
			outputPaths = (
				"$(DERIVED_FILE_DIR)/Pods-cachingVideoTest-checkManifestLockResult.txt",
			);
			runOnlyForDeploymentPostprocessing = 0;
			shellPath = /bin/sh;
			shellScript = "diff \"${PODS_PODFILE_DIR_PATH}/Podfile.lock\" \"${PODS_ROOT}/Manifest.lock\" > /dev/null\nif [ $? != 0 ] ; then\n    # print error to STDERR\n    echo \"error: The sandbox is not in sync with the Podfile.lock. Run 'pod install' or update your CocoaPods installation.\" >&2\n    exit 1\nfi\n# This output is used by Xcode 'outputs' to avoid re-running this script phase.\necho \"SUCCESS\" > \"${SCRIPT_OUTPUT_FILE_0}\"\n";
			showEnvVarsInLog = 0;
		};
		CE00A4247CC970DD2DF65946 /* [CP] Embed Pods Frameworks */ = {
			isa = PBXShellScriptBuildPhase;
			buildActionMask = 2147483647;
			files = (
			);
			inputFileListPaths = (
				"${PODS_ROOT}/Target Support Files/Pods-cachingVideoTest/Pods-cachingVideoTest-frameworks-${CONFIGURATION}-input-files.xcfilelist",
			);
			name = "[CP] Embed Pods Frameworks";
			outputFileListPaths = (
				"${PODS_ROOT}/Target Support Files/Pods-cachingVideoTest/Pods-cachingVideoTest-frameworks-${CONFIGURATION}-output-files.xcfilelist",
			);
			runOnlyForDeploymentPostprocessing = 0;
			shellPath = /bin/sh;
			shellScript = "\"${PODS_ROOT}/Target Support Files/Pods-cachingVideoTest/Pods-cachingVideoTest-frameworks.sh\"\n";
			showEnvVarsInLog = 0;
		};
/* End PBXShellScriptBuildPhase section */

/* Begin PBXSourcesBuildPhase section */
		62F58D432C3BC4E400E815D0 /* Sources */ = {
			isa = PBXSourcesBuildPhase;
			buildActionMask = 2147483647;
			files = (
				62C764DA2C3D198600FD7B33 /* Reachability.swift in Sources */,
				62C764D22C3C231C00FD7B33 /* CachingPlayerItem.swift in Sources */,
				62F58D4F2C3BC4E400E815D0 /* ViewController.swift in Sources */,
				62F58D4B2C3BC4E400E815D0 /* AppDelegate.swift in Sources */,
				62C764D02C3C20FE00FD7B33 /* CachedHLSClient.swift in Sources */,
				62F58D4D2C3BC4E400E815D0 /* SceneDelegate.swift in Sources */,
				62C765012C3E6A5900FD7B33 /* HLSParser.swift in Sources */,
				62C764D82C3D18DD00FD7B33 /* CacheManager.swift in Sources */,
			);
			runOnlyForDeploymentPostprocessing = 0;
		};
/* End PBXSourcesBuildPhase section */

/* Begin PBXVariantGroup section */
		62F58D502C3BC4E400E815D0 /* Main.storyboard */ = {
			isa = PBXVariantGroup;
			children = (
				62F58D512C3BC4E400E815D0 /* Base */,
			);
			name = Main.storyboard;
			sourceTree = "<group>";
		};
		62F58D552C3BC4E500E815D0 /* LaunchScreen.storyboard */ = {
			isa = PBXVariantGroup;
			children = (
				62F58D562C3BC4E500E815D0 /* Base */,
			);
			name = LaunchScreen.storyboard;
			sourceTree = "<group>";
		};
/* End PBXVariantGroup section */

/* Begin XCBuildConfiguration section */
		62F58D592C3BC4E500E815D0 /* Debug */ = {
			isa = XCBuildConfiguration;
			buildSettings = {
				ALWAYS_SEARCH_USER_PATHS = NO;
				ASSETCATALOG_COMPILER_GENERATE_SWIFT_ASSET_SYMBOL_EXTENSIONS = YES;
				CLANG_ANALYZER_NONNULL = YES;
				CLANG_ANALYZER_NUMBER_OBJECT_CONVERSION = YES_AGGRESSIVE;
				CLANG_CXX_LANGUAGE_STANDARD = "gnu++20";
				CLANG_ENABLE_MODULES = YES;
				CLANG_ENABLE_OBJC_ARC = YES;
				CLANG_ENABLE_OBJC_WEAK = YES;
				CLANG_WARN_BLOCK_CAPTURE_AUTORELEASING = YES;
				CLANG_WARN_BOOL_CONVERSION = YES;
				CLANG_WARN_COMMA = YES;
				CLANG_WARN_CONSTANT_CONVERSION = YES;
				CLANG_WARN_DEPRECATED_OBJC_IMPLEMENTATIONS = YES;
				CLANG_WARN_DIRECT_OBJC_ISA_USAGE = YES_ERROR;
				CLANG_WARN_DOCUMENTATION_COMMENTS = YES;
				CLANG_WARN_EMPTY_BODY = YES;
				CLANG_WARN_ENUM_CONVERSION = YES;
				CLANG_WARN_INFINITE_RECURSION = YES;
				CLANG_WARN_INT_CONVERSION = YES;
				CLANG_WARN_NON_LITERAL_NULL_CONVERSION = YES;
				CLANG_WARN_OBJC_IMPLICIT_RETAIN_SELF = YES;
				CLANG_WARN_OBJC_LITERAL_CONVERSION = YES;
				CLANG_WARN_OBJC_ROOT_CLASS = YES_ERROR;
				CLANG_WARN_QUOTED_INCLUDE_IN_FRAMEWORK_HEADER = YES;
				CLANG_WARN_RANGE_LOOP_ANALYSIS = YES;
				CLANG_WARN_STRICT_PROTOTYPES = YES;
				CLANG_WARN_SUSPICIOUS_MOVE = YES;
				CLANG_WARN_UNGUARDED_AVAILABILITY = YES_AGGRESSIVE;
				CLANG_WARN_UNREACHABLE_CODE = YES;
				CLANG_WARN__DUPLICATE_METHOD_MATCH = YES;
				COPY_PHASE_STRIP = NO;
				DEBUG_INFORMATION_FORMAT = dwarf;
				ENABLE_STRICT_OBJC_MSGSEND = YES;
				ENABLE_TESTABILITY = YES;
				ENABLE_USER_SCRIPT_SANDBOXING = NO;
				GCC_C_LANGUAGE_STANDARD = gnu17;
				GCC_DYNAMIC_NO_PIC = NO;
				GCC_NO_COMMON_BLOCKS = YES;
				GCC_OPTIMIZATION_LEVEL = 0;
				GCC_PREPROCESSOR_DEFINITIONS = (
					"DEBUG=1",
					"$(inherited)",
				);
				GCC_WARN_64_TO_32_BIT_CONVERSION = YES;
				GCC_WARN_ABOUT_RETURN_TYPE = YES_ERROR;
				GCC_WARN_UNDECLARED_SELECTOR = YES;
				GCC_WARN_UNINITIALIZED_AUTOS = YES_AGGRESSIVE;
				GCC_WARN_UNUSED_FUNCTION = YES;
				GCC_WARN_UNUSED_VARIABLE = YES;
				IPHONEOS_DEPLOYMENT_TARGET = 17.4;
				LOCALIZATION_PREFERS_STRING_CATALOGS = YES;
				MTL_ENABLE_DEBUG_INFO = INCLUDE_SOURCE;
				MTL_FAST_MATH = YES;
				ONLY_ACTIVE_ARCH = YES;
				SDKROOT = iphoneos;
				SWIFT_ACTIVE_COMPILATION_CONDITIONS = "DEBUG $(inherited)";
				SWIFT_OPTIMIZATION_LEVEL = "-Onone";
			};
			name = Debug;
		};
		62F58D5A2C3BC4E500E815D0 /* Release */ = {
			isa = XCBuildConfiguration;
			buildSettings = {
				ALWAYS_SEARCH_USER_PATHS = NO;
				ASSETCATALOG_COMPILER_GENERATE_SWIFT_ASSET_SYMBOL_EXTENSIONS = YES;
				CLANG_ANALYZER_NONNULL = YES;
				CLANG_ANALYZER_NUMBER_OBJECT_CONVERSION = YES_AGGRESSIVE;
				CLANG_CXX_LANGUAGE_STANDARD = "gnu++20";
				CLANG_ENABLE_MODULES = YES;
				CLANG_ENABLE_OBJC_ARC = YES;
				CLANG_ENABLE_OBJC_WEAK = YES;
				CLANG_WARN_BLOCK_CAPTURE_AUTORELEASING = YES;
				CLANG_WARN_BOOL_CONVERSION = YES;
				CLANG_WARN_COMMA = YES;
				CLANG_WARN_CONSTANT_CONVERSION = YES;
				CLANG_WARN_DEPRECATED_OBJC_IMPLEMENTATIONS = YES;
				CLANG_WARN_DIRECT_OBJC_ISA_USAGE = YES_ERROR;
				CLANG_WARN_DOCUMENTATION_COMMENTS = YES;
				CLANG_WARN_EMPTY_BODY = YES;
				CLANG_WARN_ENUM_CONVERSION = YES;
				CLANG_WARN_INFINITE_RECURSION = YES;
				CLANG_WARN_INT_CONVERSION = YES;
				CLANG_WARN_NON_LITERAL_NULL_CONVERSION = YES;
				CLANG_WARN_OBJC_IMPLICIT_RETAIN_SELF = YES;
				CLANG_WARN_OBJC_LITERAL_CONVERSION = YES;
				CLANG_WARN_OBJC_ROOT_CLASS = YES_ERROR;
				CLANG_WARN_QUOTED_INCLUDE_IN_FRAMEWORK_HEADER = YES;
				CLANG_WARN_RANGE_LOOP_ANALYSIS = YES;
				CLANG_WARN_STRICT_PROTOTYPES = YES;
				CLANG_WARN_SUSPICIOUS_MOVE = YES;
				CLANG_WARN_UNGUARDED_AVAILABILITY = YES_AGGRESSIVE;
				CLANG_WARN_UNREACHABLE_CODE = YES;
				CLANG_WARN__DUPLICATE_METHOD_MATCH = YES;
				COPY_PHASE_STRIP = NO;
				DEBUG_INFORMATION_FORMAT = "dwarf-with-dsym";
				ENABLE_NS_ASSERTIONS = NO;
				ENABLE_STRICT_OBJC_MSGSEND = YES;
				ENABLE_USER_SCRIPT_SANDBOXING = NO;
				GCC_C_LANGUAGE_STANDARD = gnu17;
				GCC_NO_COMMON_BLOCKS = YES;
				GCC_WARN_64_TO_32_BIT_CONVERSION = YES;
				GCC_WARN_ABOUT_RETURN_TYPE = YES_ERROR;
				GCC_WARN_UNDECLARED_SELECTOR = YES;
				GCC_WARN_UNINITIALIZED_AUTOS = YES_AGGRESSIVE;
				GCC_WARN_UNUSED_FUNCTION = YES;
				GCC_WARN_UNUSED_VARIABLE = YES;
				IPHONEOS_DEPLOYMENT_TARGET = 17.4;
				LOCALIZATION_PREFERS_STRING_CATALOGS = YES;
				MTL_ENABLE_DEBUG_INFO = NO;
				MTL_FAST_MATH = YES;
				SDKROOT = iphoneos;
				SWIFT_COMPILATION_MODE = wholemodule;
				VALIDATE_PRODUCT = YES;
			};
			name = Release;
		};
		62F58D5C2C3BC4E500E815D0 /* Debug */ = {
			isa = XCBuildConfiguration;
			baseConfigurationReference = FF99C968376EC50CA125950E /* Pods-cachingVideoTest.debug.xcconfig */;
			buildSettings = {
				ASSETCATALOG_COMPILER_APPICON_NAME = AppIcon;
				ASSETCATALOG_COMPILER_GLOBAL_ACCENT_COLOR_NAME = AccentColor;
				CODE_SIGN_STYLE = Automatic;
				CURRENT_PROJECT_VERSION = 1;
				DEVELOPMENT_TEAM = Z5848HL9S4;
				GENERATE_INFOPLIST_FILE = YES;
				INFOPLIST_FILE = cachingVideoTest/Info.plist;
				INFOPLIST_KEY_UIApplicationSupportsIndirectInputEvents = YES;
				INFOPLIST_KEY_UILaunchStoryboardName = LaunchScreen;
				INFOPLIST_KEY_UIMainStoryboardFile = Main;
				INFOPLIST_KEY_UISupportedInterfaceOrientations_iPad = "UIInterfaceOrientationPortrait UIInterfaceOrientationPortraitUpsideDown UIInterfaceOrientationLandscapeLeft UIInterfaceOrientationLandscapeRight";
				INFOPLIST_KEY_UISupportedInterfaceOrientations_iPhone = "UIInterfaceOrientationPortrait UIInterfaceOrientationLandscapeLeft UIInterfaceOrientationLandscapeRight";
				LD_RUNPATH_SEARCH_PATHS = (
					"$(inherited)",
					"@executable_path/Frameworks",
				);
				MARKETING_VERSION = 1.0;
				PRODUCT_BUNDLE_IDENTIFIER = com.flam.test.cachingVideoTest;
				PRODUCT_NAME = "$(TARGET_NAME)";
				SWIFT_EMIT_LOC_STRINGS = YES;
				SWIFT_VERSION = 5.0;
				TARGETED_DEVICE_FAMILY = "1,2";
			};
			name = Debug;
		};
		62F58D5D2C3BC4E500E815D0 /* Release */ = {
			isa = XCBuildConfiguration;
			baseConfigurationReference = 287C77AF73CDEE55A4CB6C59 /* Pods-cachingVideoTest.release.xcconfig */;
			buildSettings = {
				ASSETCATALOG_COMPILER_APPICON_NAME = AppIcon;
				ASSETCATALOG_COMPILER_GLOBAL_ACCENT_COLOR_NAME = AccentColor;
				CODE_SIGN_STYLE = Automatic;
				CURRENT_PROJECT_VERSION = 1;
				DEVELOPMENT_TEAM = Z5848HL9S4;
				GENERATE_INFOPLIST_FILE = YES;
				INFOPLIST_FILE = cachingVideoTest/Info.plist;
				INFOPLIST_KEY_UIApplicationSupportsIndirectInputEvents = YES;
				INFOPLIST_KEY_UILaunchStoryboardName = LaunchScreen;
				INFOPLIST_KEY_UIMainStoryboardFile = Main;
				INFOPLIST_KEY_UISupportedInterfaceOrientations_iPad = "UIInterfaceOrientationPortrait UIInterfaceOrientationPortraitUpsideDown UIInterfaceOrientationLandscapeLeft UIInterfaceOrientationLandscapeRight";
				INFOPLIST_KEY_UISupportedInterfaceOrientations_iPhone = "UIInterfaceOrientationPortrait UIInterfaceOrientationLandscapeLeft UIInterfaceOrientationLandscapeRight";
				LD_RUNPATH_SEARCH_PATHS = (
					"$(inherited)",
					"@executable_path/Frameworks",
				);
				MARKETING_VERSION = 1.0;
				PRODUCT_BUNDLE_IDENTIFIER = com.flam.test.cachingVideoTest;
				PRODUCT_NAME = "$(TARGET_NAME)";
				SWIFT_EMIT_LOC_STRINGS = YES;
				SWIFT_VERSION = 5.0;
				TARGETED_DEVICE_FAMILY = "1,2";
			};
			name = Release;
		};
/* End XCBuildConfiguration section */

/* Begin XCConfigurationList section */
		62F58D422C3BC4E400E815D0 /* Build configuration list for PBXProject "cachingVideoTest" */ = {
			isa = XCConfigurationList;
			buildConfigurations = (
				62F58D592C3BC4E500E815D0 /* Debug */,
				62F58D5A2C3BC4E500E815D0 /* Release */,
			);
			defaultConfigurationIsVisible = 0;
			defaultConfigurationName = Release;
		};
		62F58D5B2C3BC4E500E815D0 /* Build configuration list for PBXNativeTarget "cachingVideoTest" */ = {
			isa = XCConfigurationList;
			buildConfigurations = (
				62F58D5C2C3BC4E500E815D0 /* Debug */,
				62F58D5D2C3BC4E500E815D0 /* Release */,
			);
			defaultConfigurationIsVisible = 0;
			defaultConfigurationName = Release;
		};
/* End XCConfigurationList section */
	};
	rootObject = 62F58D3F2C3BC4E400E815D0 /* Project object */;
}
